
Microsoft Visual Studio Solution File, Format Version 12.00
# Visual Studio 15
VisualStudioVersion = 15.0.28307.102
MinimumVisualStudioVersion = 10.0.40219.1
Project("{FAE04EC0-301F-11D3-BF4B-00C04F79EFBC}") = "Snap1.1", "Snap1.1\Snap1.1.csproj", "{7F15FDE3-3B98-456F-9571-9B0B555E76B0}"
EndProject
Global
	GlobalSection(SolutionConfigurationPlatforms) = preSolution
		Debug|Any CPU = Debug|Any CPU
		Release|Any CPU = Release|Any CPU
	EndGlobalSection
	GlobalSection(ProjectConfigurationPlatforms) = postSolution
		{7F15FDE3-3B98-456F-9571-9B0B555E76B0}.Debug|Any CPU.ActiveCfg = Debug|Any CPU
		{7F15FDE3-3B98-456F-9571-9B0B555E76B0}.Debug|Any CPU.Build.0 = Debug|Any CPU
		{7F15FDE3-3B98-456F-9571-9B0B555E76B0}.Release|Any CPU.ActiveCfg = Release|Any CPU
		{7F15FDE3-3B98-456F-9571-9B0B555E76B0}.Release|Any CPU.Build.0 = Release|Any CPU
	EndGlobalSection
	GlobalSection(SolutionProperties) = preSolution
		HideSolutionNode = FALSE
	EndGlobalSection
	GlobalSection(ExtensibilityGlobals) = postSolution
		SolutionGuid = {63ACD6C1-D350-428D-89C4-BF62BC25427F}
	EndGlobalSection
EndGlobal
